[[package]]
name = "future"
version = "0.18.2"
description = "Clean single-source support for Python 3 and 2"
category = "main"
optional = false
python-versions = ">=2.6, !=3.0.*, !=3.1.*, !=3.2.*"

[[package]]
name = "mapbox-vector-tile"
version = "1.2.1"
description = "Mapbox Vector Tile"
category = "main"
optional = false
python-versions = "*"

[package.dependencies]
future = "*"
protobuf = "*"
pyclipper = "*"
shapely = "*"

[[package]]
name = "protobuf"
version = "4.21.6"
description = ""
category = "main"
optional = false
python-versions = ">=3.7"

[[package]]
name = "pyclipper"
version = "1.3.0.post3"
description = "Cython wrapper for the C++ translation of the Angus Johnson's Clipper library (ver. 6.4.2)"
category = "main"
optional = false
python-versions = "*"

[[package]]
name = "shapely"
version = "1.8.4"
description = "Geometric objects, predicates, and operations"
category = "main"
optional = false
python-versions = ">=3.6"

[package.extras]
all = ["pytest", "pytest-cov", "numpy"]
test = ["pytest", "pytest-cov"]
vectorized = ["numpy"]

[[package]]
name = "vt2geojson"
version = "0.2.1"
description = "Dump vector tiles to GeoJSON from remote URLs or local system files."
category = "main"
optional = false
python-versions = "*"

[package.dependencies]
mapbox-vector-tile = "*"

[metadata]
lock-version = "1.1"
python-versions = "^3.10"
content-hash = "a5d7df1b1452ae416fbaa2d65d93bda41581debdbe09cd884256b8149810529c"

[metadata.files]
future = []
mapbox-vector-tile = []
protobuf = []
pyclipper = []
shapely = []
vt2geojson = []
